// !$*UTF8*$!
{
	archiveVersion = 1;
	classes = {
	};
	objectVersion = 56;
	objects = {

/* Begin PBXBuildFile section */
		9611F632293B1D2B00B34CEF /* LoginView.swift in Sources */ = {isa = PBXBuildFile; fileRef = 9611F631293B1D2B00B34CEF /* LoginView.swift */; };
		9611F634293B1D4200B34CEF /* HomeView.swift in Sources */ = {isa = PBXBuildFile; fileRef = 9611F633293B1D4200B34CEF /* HomeView.swift */; };
		9611F636293B1DA400B34CEF /* SendDocumentsView.swift in Sources */ = {isa = PBXBuildFile; fileRef = 9611F635293B1DA400B34CEF /* SendDocumentsView.swift */; };
		9611F638293B1DB600B34CEF /* SeeDocumentsView.swift in Sources */ = {isa = PBXBuildFile; fileRef = 9611F637293B1DB600B34CEF /* SeeDocumentsView.swift */; };
		9611F63A293B1DCA00B34CEF /* OfficesView.swift in Sources */ = {isa = PBXBuildFile; fileRef = 9611F639293B1DCA00B34CEF /* OfficesView.swift */; };
		966DC21C29402B4300132602 /* Login.swift in Sources */ = {isa = PBXBuildFile; fileRef = 966DC21B29402B4300132602 /* Login.swift */; };
		96940023293F0C8D00B84C36 /* RoundedRectangleInput.swift in Sources */ = {isa = PBXBuildFile; fileRef = 96940022293F0C8D00B84C36 /* RoundedRectangleInput.swift */; };
		96940029293F467600B84C36 /* ColorSophos.swift in Sources */ = {isa = PBXBuildFile; fileRef = 96940028293F467600B84C36 /* ColorSophos.swift */; };
		96C1D3F2294038D600342DB3 /* LoginViewModel.swift in Sources */ = {isa = PBXBuildFile; fileRef = 96C1D3F1294038D600342DB3 /* LoginViewModel.swift */; };
		96C1D3F4294038FA00342DB3 /* ApiSophos.swift in Sources */ = {isa = PBXBuildFile; fileRef = 96C1D3F3294038FA00342DB3 /* ApiSophos.swift */; };
		96F0C37729388BA200B3597F /* Sophos_AppApp.swift in Sources */ = {isa = PBXBuildFile; fileRef = 96F0C37629388BA200B3597F /* Sophos_AppApp.swift */; };
		96F0C37929388BA200B3597F /* ContentView.swift in Sources */ = {isa = PBXBuildFile; fileRef = 96F0C37829388BA200B3597F /* ContentView.swift */; };
		96F0C37B29388BA900B3597F /* Assets.xcassets in Resources */ = {isa = PBXBuildFile; fileRef = 96F0C37A29388BA900B3597F /* Assets.xcassets */; };
		96F0C37E29388BA900B3597F /* Preview Assets.xcassets in Resources */ = {isa = PBXBuildFile; fileRef = 96F0C37D29388BA900B3597F /* Preview Assets.xcassets */; };
/* End PBXBuildFile section */

/* Begin PBXFileReference section */
		9611F631293B1D2B00B34CEF /* LoginView.swift */ = {isa = PBXFileReference; lastKnownFileType = sourcecode.swift; path = LoginView.swift; sourceTree = "<group>"; };
		9611F633293B1D4200B34CEF /* HomeView.swift */ = {isa = PBXFileReference; lastKnownFileType = sourcecode.swift; path = HomeView.swift; sourceTree = "<group>"; };
		9611F635293B1DA400B34CEF /* SendDocumentsView.swift */ = {isa = PBXFileReference; lastKnownFileType = sourcecode.swift; path = SendDocumentsView.swift; sourceTree = "<group>"; };
		9611F637293B1DB600B34CEF /* SeeDocumentsView.swift */ = {isa = PBXFileReference; lastKnownFileType = sourcecode.swift; path = SeeDocumentsView.swift; sourceTree = "<group>"; };
		9611F639293B1DCA00B34CEF /* OfficesView.swift */ = {isa = PBXFileReference; lastKnownFileType = sourcecode.swift; path = OfficesView.swift; sourceTree = "<group>"; };
		966DC21B29402B4300132602 /* Login.swift */ = {isa = PBXFileReference; lastKnownFileType = sourcecode.swift; path = Login.swift; sourceTree = "<group>"; };
		96940022293F0C8D00B84C36 /* RoundedRectangleInput.swift */ = {isa = PBXFileReference; lastKnownFileType = sourcecode.swift; path = RoundedRectangleInput.swift; sourceTree = "<group>"; };
		96940028293F467600B84C36 /* ColorSophos.swift */ = {isa = PBXFileReference; lastKnownFileType = sourcecode.swift; path = ColorSophos.swift; sourceTree = "<group>"; };
		96C1D3F1294038D600342DB3 /* LoginViewModel.swift */ = {isa = PBXFileReference; lastKnownFileType = sourcecode.swift; path = LoginViewModel.swift; sourceTree = "<group>"; };
		96C1D3F3294038FA00342DB3 /* ApiSophos.swift */ = {isa = PBXFileReference; lastKnownFileType = sourcecode.swift; path = ApiSophos.swift; sourceTree = "<group>"; };
		96F0C37329388BA200B3597F /* Sophos App.app */ = {isa = PBXFileReference; explicitFileType = wrapper.application; includeInIndex = 0; path = "Sophos App.app"; sourceTree = BUILT_PRODUCTS_DIR; };
		96F0C37629388BA200B3597F /* Sophos_AppApp.swift */ = {isa = PBXFileReference; lastKnownFileType = sourcecode.swift; path = Sophos_AppApp.swift; sourceTree = "<group>"; };
		96F0C37829388BA200B3597F /* ContentView.swift */ = {isa = PBXFileReference; lastKnownFileType = sourcecode.swift; path = ContentView.swift; sourceTree = "<group>"; };
		96F0C37A29388BA900B3597F /* Assets.xcassets */ = {isa = PBXFileReference; lastKnownFileType = folder.assetcatalog; path = Assets.xcassets; sourceTree = "<group>"; };
		96F0C37D29388BA900B3597F /* Preview Assets.xcassets */ = {isa = PBXFileReference; lastKnownFileType = folder.assetcatalog; path = "Preview Assets.xcassets"; sourceTree = "<group>"; };
/* End PBXFileReference section */

/* Begin PBXFrameworksBuildPhase section */
		96F0C37029388BA200B3597F /* Frameworks */ = {
			isa = PBXFrameworksBuildPhase;
			buildActionMask = 2147483647;
			files = (
			);
			runOnlyForDeploymentPostprocessing = 0;
		};
/* End PBXFrameworksBuildPhase section */

/* Begin PBXGroup section */
		9611F630293B176000B34CEF /* Repositories */ = {
			isa = PBXGroup;
			children = (
				96C1D3F3294038FA00342DB3 /* ApiSophos.swift */,
			);
			path = Repositories;
			sourceTree = "<group>";
		};
		96DFDB9529388F0C000F62CB /* Models */ = {
			isa = PBXGroup;
			children = (
			);
			path = Models;
			sourceTree = "<group>";
		};
		96DFDB9629388F32000F62CB /* Views */ = {
			isa = PBXGroup;
			children = (
				96F0C37829388BA200B3597F /* ContentView.swift */,
				9611F631293B1D2B00B34CEF /* LoginView.swift */,
				9611F633293B1D4200B34CEF /* HomeView.swift */,
				9611F635293B1DA400B34CEF /* SendDocumentsView.swift */,
				9611F637293B1DB600B34CEF /* SeeDocumentsView.swift */,
				9611F639293B1DCA00B34CEF /* OfficesView.swift */,
			);
			path = Views;
			sourceTree = "<group>";
		};
		96DFDB9729388F3E000F62CB /* ViewModels */ = {
			isa = PBXGroup;
			children = (
				96C1D3F1294038D600342DB3 /* LoginViewModel.swift */,
			);
			path = ViewModels;
			sourceTree = "<group>";
		};
		96DFDB9829388F4C000F62CB /* Services */ = {
			isa = PBXGroup;
			children = (
				966DC21B29402B4300132602 /* Login.swift */,
			);
			path = Services;
			sourceTree = "<group>";
		};
		96DFDB9929388F5A000F62CB /* Extensions */ = {
			isa = PBXGroup;
			children = (
				96940022293F0C8D00B84C36 /* RoundedRectangleInput.swift */,
				96940028293F467600B84C36 /* ColorSophos.swift */,
			);
			path = Extensions;
			sourceTree = "<group>";
		};
		96F0C36A29388BA200B3597F = {
			isa = PBXGroup;
			children = (
				96F0C37529388BA200B3597F /* Sophos App */,
				96F0C37429388BA200B3597F /* Products */,
			);
			sourceTree = "<group>";
		};
		96F0C37429388BA200B3597F /* Products */ = {
			isa = PBXGroup;
			children = (
				96F0C37329388BA200B3597F /* Sophos App.app */,
			);
			name = Products;
			sourceTree = "<group>";
		};
		96F0C37529388BA200B3597F /* Sophos App */ = {
			isa = PBXGroup;
			children = (
				9611F630293B176000B34CEF /* Repositories */,
				96DFDB9929388F5A000F62CB /* Extensions */,
				96DFDB9829388F4C000F62CB /* Services */,
				96DFDB9729388F3E000F62CB /* ViewModels */,
				96DFDB9629388F32000F62CB /* Views */,
				96DFDB9529388F0C000F62CB /* Models */,
				96F0C37629388BA200B3597F /* Sophos_AppApp.swift */,
				96F0C37A29388BA900B3597F /* Assets.xcassets */,
				96F0C37C29388BA900B3597F /* Preview Content */,
			);
			path = "Sophos App";
			sourceTree = "<group>";
		};
		96F0C37C29388BA900B3597F /* Preview Content */ = {
			isa = PBXGroup;
			children = (
				96F0C37D29388BA900B3597F /* Preview Assets.xcassets */,
			);
			path = "Preview Content";
			sourceTree = "<group>";
		};
/* End PBXGroup section */

/* Begin PBXNativeTarget section */
		96F0C37229388BA200B3597F /* Sophos App */ = {
			isa = PBXNativeTarget;
			buildConfigurationList = 96F0C38129388BA900B3597F /* Build configuration list for PBXNativeTarget "Sophos App" */;
			buildPhases = (
				96F0C36F29388BA200B3597F /* Sources */,
				96F0C37029388BA200B3597F /* Frameworks */,
				96F0C37129388BA200B3597F /* Resources */,
			);
			buildRules = (
			);
			dependencies = (
			);
			name = "Sophos App";
			productName = "Sophos App";
			productReference = 96F0C37329388BA200B3597F /* Sophos App.app */;
			productType = "com.apple.product-type.application";
		};
/* End PBXNativeTarget section */

/* Begin PBXProject section */
		96F0C36B29388BA200B3597F /* Project object */ = {
			isa = PBXProject;
			attributes = {
				BuildIndependentTargetsInParallel = 1;
				LastSwiftUpdateCheck = 1410;
				LastUpgradeCheck = 1410;
				TargetAttributes = {
					96F0C37229388BA200B3597F = {
						CreatedOnToolsVersion = 14.1;
					};
				};
			};
			buildConfigurationList = 96F0C36E29388BA200B3597F /* Build configuration list for PBXProject "Sophos App" */;
			compatibilityVersion = "Xcode 14.0";
			developmentRegion = en;
			hasScannedForEncodings = 0;
			knownRegions = (
				en,
				Base,
			);
			mainGroup = 96F0C36A29388BA200B3597F;
			productRefGroup = 96F0C37429388BA200B3597F /* Products */;
			projectDirPath = "";
			projectRoot = "";
			targets = (
				96F0C37229388BA200B3597F /* Sophos App */,
			);
		};
/* End PBXProject section */

/* Begin PBXResourcesBuildPhase section */
		96F0C37129388BA200B3597F /* Resources */ = {
			isa = PBXResourcesBuildPhase;
			buildActionMask = 2147483647;
			files = (
				96F0C37E29388BA900B3597F /* Preview Assets.xcassets in Resources */,
				96F0C37B29388BA900B3597F /* Assets.xcassets in Resources */,
			);
			runOnlyForDeploymentPostprocessing = 0;
		};
/* End PBXResourcesBuildPhase section */

/* Begin PBXSourcesBuildPhase section */
		96F0C36F29388BA200B3597F /* Sources */ = {
			isa = PBXSourcesBuildPhase;
			buildActionMask = 2147483647;
			files = (
				9611F63A293B1DCA00B34CEF /* OfficesView.swift in Sources */,
				9611F632293B1D2B00B34CEF /* LoginView.swift in Sources */,
				9611F634293B1D4200B34CEF /* HomeView.swift in Sources */,
				96940023293F0C8D00B84C36 /* RoundedRectangleInput.swift in Sources */,
				9611F636293B1DA400B34CEF /* SendDocumentsView.swift in Sources */,
				96C1D3F4294038FA00342DB3 /* ApiSophos.swift in Sources */,
				96F0C37929388BA200B3597F /* ContentView.swift in Sources */,
				96F0C37729388BA200B3597F /* Sophos_AppApp.swift in Sources */,
				96C1D3F2294038D600342DB3 /* LoginViewModel.swift in Sources */,
				96940029293F467600B84C36 /* ColorSophos.swift in Sources */,
				9611F638293B1DB600B34CEF /* SeeDocumentsView.swift in Sources */,
				966DC21C29402B4300132602 /* Login.swift in Sources */,
			);
			runOnlyForDeploymentPostprocessing = 0;
		};
/* End PBXSourcesBuildPhase section */

/* Begin XCBuildConfiguration section */
		96F0C37F29388BA900B3597F /* Debug */ = {
			isa = XCBuildConfiguration;
			buildSettings = {
				ALWAYS_SEARCH_USER_PATHS = NO;
				CLANG_ANALYZER_NONNULL = YES;
				CLANG_ANALYZER_NUMBER_OBJECT_CONVERSION = YES_AGGRESSIVE;
				CLANG_CXX_LANGUAGE_STANDARD = "gnu++20";
				CLANG_ENABLE_MODULES = YES;
				CLANG_ENABLE_OBJC_ARC = YES;
				CLANG_ENABLE_OBJC_WEAK = YES;
				CLANG_WARN_BLOCK_CAPTURE_AUTORELEASING = YES;
				CLANG_WARN_BOOL_CONVERSION = YES;
				CLANG_WARN_COMMA = YES;
				CLANG_WARN_CONSTANT_CONVERSION = YES;
				CLANG_WARN_DEPRECATED_OBJC_IMPLEMENTATIONS = YES;
				CLANG_WARN_DIRECT_OBJC_ISA_USAGE = YES_ERROR;
				CLANG_WARN_DOCUMENTATION_COMMENTS = YES;
				CLANG_WARN_EMPTY_BODY = YES;
				CLANG_WARN_ENUM_CONVERSION = YES;
				CLANG_WARN_INFINITE_RECURSION = YES;
				CLANG_WARN_INT_CONVERSION = YES;
				CLANG_WARN_NON_LITERAL_NULL_CONVERSION = YES;
				CLANG_WARN_OBJC_IMPLICIT_RETAIN_SELF = YES;
				CLANG_WARN_OBJC_LITERAL_CONVERSION = YES;
				CLANG_WARN_OBJC_ROOT_CLASS = YES_ERROR;
				CLANG_WARN_QUOTED_INCLUDE_IN_FRAMEWORK_HEADER = YES;
				CLANG_WARN_RANGE_LOOP_ANALYSIS = YES;
				CLANG_WARN_STRICT_PROTOTYPES = YES;
				CLANG_WARN_SUSPICIOUS_MOVE = YES;
				CLANG_WARN_UNGUARDED_AVAILABILITY = YES_AGGRESSIVE;
				CLANG_WARN_UNREACHABLE_CODE = YES;
				CLANG_WARN__DUPLICATE_METHOD_MATCH = YES;
				COPY_PHASE_STRIP = NO;
				DEBUG_INFORMATION_FORMAT = dwarf;
				ENABLE_STRICT_OBJC_MSGSEND = YES;
				ENABLE_TESTABILITY = YES;
				GCC_C_LANGUAGE_STANDARD = gnu11;
				GCC_DYNAMIC_NO_PIC = NO;
				GCC_NO_COMMON_BLOCKS = YES;
				GCC_OPTIMIZATION_LEVEL = 0;
				GCC_PREPROCESSOR_DEFINITIONS = (
					"DEBUG=1",
					"$(inherited)",
				);
				GCC_WARN_64_TO_32_BIT_CONVERSION = YES;
				GCC_WARN_ABOUT_RETURN_TYPE = YES_ERROR;
				GCC_WARN_UNDECLARED_SELECTOR = YES;
				GCC_WARN_UNINITIALIZED_AUTOS = YES_AGGRESSIVE;
				GCC_WARN_UNUSED_FUNCTION = YES;
				GCC_WARN_UNUSED_VARIABLE = YES;
				IPHONEOS_DEPLOYMENT_TARGET = 16.1;
				MTL_ENABLE_DEBUG_INFO = INCLUDE_SOURCE;
				MTL_FAST_MATH = YES;
				ONLY_ACTIVE_ARCH = YES;
				SDKROOT = iphoneos;
				SWIFT_ACTIVE_COMPILATION_CONDITIONS = DEBUG;
				SWIFT_OPTIMIZATION_LEVEL = "-Onone";
			};
			name = Debug;
		};
		96F0C38029388BA900B3597F /* Release */ = {
			isa = XCBuildConfiguration;
			buildSettings = {
				ALWAYS_SEARCH_USER_PATHS = NO;
				CLANG_ANALYZER_NONNULL = YES;
				CLANG_ANALYZER_NUMBER_OBJECT_CONVERSION = YES_AGGRESSIVE;
				CLANG_CXX_LANGUAGE_STANDARD = "gnu++20";
				CLANG_ENABLE_MODULES = YES;
				CLANG_ENABLE_OBJC_ARC = YES;
				CLANG_ENABLE_OBJC_WEAK = YES;
				CLANG_WARN_BLOCK_CAPTURE_AUTORELEASING = YES;
				CLANG_WARN_BOOL_CONVERSION = YES;
				CLANG_WARN_COMMA = YES;
				CLANG_WARN_CONSTANT_CONVERSION = YES;
				CLANG_WARN_DEPRECATED_OBJC_IMPLEMENTATIONS = YES;
				CLANG_WARN_DIRECT_OBJC_ISA_USAGE = YES_ERROR;
				CLANG_WARN_DOCUMENTATION_COMMENTS = YES;
				CLANG_WARN_EMPTY_BODY = YES;
				CLANG_WARN_ENUM_CONVERSION = YES;
				CLANG_WARN_INFINITE_RECURSION = YES;
				CLANG_WARN_INT_CONVERSION = YES;
				CLANG_WARN_NON_LITERAL_NULL_CONVERSION = YES;
				CLANG_WARN_OBJC_IMPLICIT_RETAIN_SELF = YES;
				CLANG_WARN_OBJC_LITERAL_CONVERSION = YES;
				CLANG_WARN_OBJC_ROOT_CLASS = YES_ERROR;
				CLANG_WARN_QUOTED_INCLUDE_IN_FRAMEWORK_HEADER = YES;
				CLANG_WARN_RANGE_LOOP_ANALYSIS = YES;
				CLANG_WARN_STRICT_PROTOTYPES = YES;
				CLANG_WARN_SUSPICIOUS_MOVE = YES;
				CLANG_WARN_UNGUARDED_AVAILABILITY = YES_AGGRESSIVE;
				CLANG_WARN_UNREACHABLE_CODE = YES;
				CLANG_WARN__DUPLICATE_METHOD_MATCH = YES;
				COPY_PHASE_STRIP = NO;
				DEBUG_INFORMATION_FORMAT = "dwarf-with-dsym";
				ENABLE_NS_ASSERTIONS = NO;
				ENABLE_STRICT_OBJC_MSGSEND = YES;
				GCC_C_LANGUAGE_STANDARD = gnu11;
				GCC_NO_COMMON_BLOCKS = YES;
				GCC_WARN_64_TO_32_BIT_CONVERSION = YES;
				GCC_WARN_ABOUT_RETURN_TYPE = YES_ERROR;
				GCC_WARN_UNDECLARED_SELECTOR = YES;
				GCC_WARN_UNINITIALIZED_AUTOS = YES_AGGRESSIVE;
				GCC_WARN_UNUSED_FUNCTION = YES;
				GCC_WARN_UNUSED_VARIABLE = YES;
				IPHONEOS_DEPLOYMENT_TARGET = 16.1;
				MTL_ENABLE_DEBUG_INFO = NO;
				MTL_FAST_MATH = YES;
				SDKROOT = iphoneos;
				SWIFT_COMPILATION_MODE = wholemodule;
				SWIFT_OPTIMIZATION_LEVEL = "-O";
				VALIDATE_PRODUCT = YES;
			};
			name = Release;
		};
		96F0C38229388BA900B3597F /* Debug */ = {
			isa = XCBuildConfiguration;
			buildSettings = {
				ASSETCATALOG_COMPILER_APPICON_NAME = AppIcon;
				ASSETCATALOG_COMPILER_GLOBAL_ACCENT_COLOR_NAME = AccentColor;
				CODE_SIGN_STYLE = Automatic;
				CURRENT_PROJECT_VERSION = 1;
				DEVELOPMENT_ASSET_PATHS = "\"Sophos App/Preview Content\"";
				DEVELOPMENT_TEAM = 5683UYV6BX;
				ENABLE_PREVIEWS = YES;
				GENERATE_INFOPLIST_FILE = YES;
				INFOPLIST_KEY_UIApplicationSceneManifest_Generation = YES;
				INFOPLIST_KEY_UIApplicationSupportsIndirectInputEvents = YES;
				INFOPLIST_KEY_UILaunchScreen_Generation = YES;
				INFOPLIST_KEY_UISupportedInterfaceOrientations_iPad = "UIInterfaceOrientationPortrait UIInterfaceOrientationPortraitUpsideDown UIInterfaceOrientationLandscapeLeft UIInterfaceOrientationLandscapeRight";
				INFOPLIST_KEY_UISupportedInterfaceOrientations_iPhone = "UIInterfaceOrientationPortrait UIInterfaceOrientationLandscapeLeft UIInterfaceOrientationLandscapeRight";
				LD_RUNPATH_SEARCH_PATHS = (
					"$(inherited)",
					"@executable_path/Frameworks",
				);
				MARKETING_VERSION = 1.0;
				PRODUCT_BUNDLE_IDENTIFIER = "com.Terna.Sophos-App";
				PRODUCT_NAME = "$(TARGET_NAME)";
				SWIFT_EMIT_LOC_STRINGS = YES;
				SWIFT_VERSION = 5.0;
				TARGETED_DEVICE_FAMILY = "1,2";
			};
			name = Debug;
		};
		96F0C38329388BA900B3597F /* Release */ = {
			isa = XCBuildConfiguration;
			buildSettings = {
				ASSETCATALOG_COMPILER_APPICON_NAME = AppIcon;
				ASSETCATALOG_COMPILER_GLOBAL_ACCENT_COLOR_NAME = AccentColor;
				CODE_SIGN_STYLE = Automatic;
				CURRENT_PROJECT_VERSION = 1;
				DEVELOPMENT_ASSET_PATHS = "\"Sophos App/Preview Content\"";
				DEVELOPMENT_TEAM = 5683UYV6BX;
				ENABLE_PREVIEWS = YES;
				GENERATE_INFOPLIST_FILE = YES;
				INFOPLIST_KEY_UIApplicationSceneManifest_Generation = YES;
				INFOPLIST_KEY_UIApplicationSupportsIndirectInputEvents = YES;
				INFOPLIST_KEY_UILaunchScreen_Generation = YES;
				INFOPLIST_KEY_UISupportedInterfaceOrientations_iPad = "UIInterfaceOrientationPortrait UIInterfaceOrientationPortraitUpsideDown UIInterfaceOrientationLandscapeLeft UIInterfaceOrientationLandscapeRight";
				INFOPLIST_KEY_UISupportedInterfaceOrientations_iPhone = "UIInterfaceOrientationPortrait UIInterfaceOrientationLandscapeLeft UIInterfaceOrientationLandscapeRight";
				LD_RUNPATH_SEARCH_PATHS = (
					"$(inherited)",
					"@executable_path/Frameworks",
				);
				MARKETING_VERSION = 1.0;
				PRODUCT_BUNDLE_IDENTIFIER = "com.Terna.Sophos-App";
				PRODUCT_NAME = "$(TARGET_NAME)";
				SWIFT_EMIT_LOC_STRINGS = YES;
				SWIFT_VERSION = 5.0;
				TARGETED_DEVICE_FAMILY = "1,2";
			};
			name = Release;
		};
/* End XCBuildConfiguration section */

/* Begin XCConfigurationList section */
		96F0C36E29388BA200B3597F /* Build configuration list for PBXProject "Sophos App" */ = {
			isa = XCConfigurationList;
			buildConfigurations = (
				96F0C37F29388BA900B3597F /* Debug */,
				96F0C38029388BA900B3597F /* Release */,
			);
			defaultConfigurationIsVisible = 0;
			defaultConfigurationName = Release;
		};
		96F0C38129388BA900B3597F /* Build configuration list for PBXNativeTarget "Sophos App" */ = {
			isa = XCConfigurationList;
			buildConfigurations = (
				96F0C38229388BA900B3597F /* Debug */,
				96F0C38329388BA900B3597F /* Release */,
			);
			defaultConfigurationIsVisible = 0;
			defaultConfigurationName = Release;
		};
/* End XCConfigurationList section */
	};
	rootObject = 96F0C36B29388BA200B3597F /* Project object */;
}
